
Microsoft Visual Studio Solution File, Format Version 12.00
# Visual Studio 15
VisualStudioVersion = 15.0.28307.1082
MinimumVisualStudioVersion = 10.0.40219.1
Project("{FAE04EC0-301F-11D3-BF4B-00C04F79EFBC}") = "ItViteaBoterKaasEieren", "ItViteaBoterKaasEieren\ItViteaBoterKaasEieren.csproj", "{F7877A02-85FE-4270-A83D-FA7596EB57B0}"
EndProject
Global
	GlobalSection(SolutionConfigurationPlatforms) = preSolution
		Debug|Any CPU = Debug|Any CPU
		Release|Any CPU = Release|Any CPU
	EndGlobalSection
	GlobalSection(ProjectConfigurationPlatforms) = postSolution
		{F7877A02-85FE-4270-A83D-FA7596EB57B0}.Debug|Any CPU.ActiveCfg = Debug|Any CPU
		{F7877A02-85FE-4270-A83D-FA7596EB57B0}.Debug|Any CPU.Build.0 = Debug|Any CPU
		{F7877A02-85FE-4270-A83D-FA7596EB57B0}.Release|Any CPU.ActiveCfg = Release|Any CPU
		{F7877A02-85FE-4270-A83D-FA7596EB57B0}.Release|Any CPU.Build.0 = Release|Any CPU
	EndGlobalSection
	GlobalSection(SolutionProperties) = preSolution
		HideSolutionNode = FALSE
	EndGlobalSection
	GlobalSection(ExtensibilityGlobals) = postSolution
		SolutionGuid = {FC4F59EC-D35D-4A59-8321-B21E2D069CAB}
	EndGlobalSection
EndGlobal
